{
    "version": 3,
    "terraform_version": "0.9.5",
    "serial": 60,
    "lineage": "4b996e28-90b0-4687-966d-be74f3db069d",
    "modules": [
        {
            "path": [
                "root"
            ],
            "outputs": {},
            "resources": {
                "aws_elb.app": {
                    "type": "aws_elb",
                    "depends_on": [
                        "aws_security_group.appilb-sg"
                    ],
                    "primary": {
                        "id": "App-internal-elb-1",
                        "attributes": {
                            "access_logs.#": "0",
                            "availability_zones.#": "2",
                            "availability_zones.221770259": "us-west-2b",
                            "availability_zones.2487133097": "us-west-2a",
                            "connection_draining": "false",
                            "connection_draining_timeout": "300",
                            "cross_zone_load_balancing": "true",
                            "dns_name": "internal-App-internal-elb-1-1679159095.us-west-2.elb.amazonaws.com",
                            "health_check.#": "1",
                            "health_check.0.healthy_threshold": "2",
                            "health_check.0.interval": "30",
                            "health_check.0.target": "HTTP:8080/",
                            "health_check.0.timeout": "3",
                            "health_check.0.unhealthy_threshold": "2",
                            "id": "App-internal-elb-1",
                            "idle_timeout": "60",
                            "instances.#": "0",
                            "internal": "true",
                            "listener.#": "1",
                            "listener.1092403652.instance_port": "8080",
                            "listener.1092403652.instance_protocol": "http",
                            "listener.1092403652.lb_port": "8080",
                            "listener.1092403652.lb_protocol": "http",
                            "listener.1092403652.ssl_certificate_id": "",
                            "name": "App-internal-elb-1",
                            "security_groups.#": "1",
                            "security_groups.4169963233": "sg-f49aaa8f",
                            "source_security_group": "561293698404/appilb-sg",
                            "source_security_group_id": "sg-f49aaa8f",
                            "subnets.#": "2",
                            "subnets.1397059869": "subnet-e3792284",
                            "subnets.684422124": "subnet-e93042a0",
                            "tags.%": "1",
                            "tags.Name": "App-internal-elb-1",
                            "zone_id": "Z1H1FL5HABSF5"
                        },
                        "meta": {},
                        "tainted": false
                    },
                    "deposed": [],
                    "provider": ""
                },
                "aws_elb.ngx": {
                    "type": "aws_elb",
                    "depends_on": [
                        "aws_security_group.webelb-sg"
                    ],
                    "primary": {
                        "id": "Web-external-elb-1",
                        "attributes": {
                            "access_logs.#": "0",
                            "availability_zones.#": "2",
                            "availability_zones.221770259": "us-west-2b",
                            "availability_zones.2487133097": "us-west-2a",
                            "connection_draining": "false",
                            "connection_draining_timeout": "300",
                            "cross_zone_load_balancing": "true",
                            "dns_name": "Web-external-elb-1-664852578.us-west-2.elb.amazonaws.com",
                            "health_check.#": "1",
                            "health_check.0.healthy_threshold": "2",
                            "health_check.0.interval": "30",
                            "health_check.0.target": "HTTP:80/",
                            "health_check.0.timeout": "3",
                            "health_check.0.unhealthy_threshold": "2",
                            "id": "Web-external-elb-1",
                            "idle_timeout": "60",
                            "instances.#": "0",
                            "internal": "false",
                            "listener.#": "1",
                            "listener.3057123346.instance_port": "80",
                            "listener.3057123346.instance_protocol": "http",
                            "listener.3057123346.lb_port": "80",
                            "listener.3057123346.lb_protocol": "http",
                            "listener.3057123346.ssl_certificate_id": "",
                            "name": "Web-external-elb-1",
                            "security_groups.#": "1",
                            "security_groups.535738036": "sg-5e80b025",
                            "source_security_group": "561293698404/webelb-sg",
                            "source_security_group_id": "sg-5e80b025",
                            "subnets.#": "2",
                            "subnets.2248540098": "subnet-8b0a79c2",
                            "subnets.2259161368": "subnet-4c8ad22b",
                            "tags.%": "1",
                            "tags.Name": "Web-external-elb-1",
                            "zone_id": "Z1H1FL5HABSF5"
                        },
                        "meta": {},
                        "tainted": false
                    },
                    "deposed": [],
                    "provider": ""
                },
                "aws_elb_attachment.app": {
                    "type": "aws_elb_attachment",
                    "depends_on": [
                        "aws_instance.app"
                    ],
                    "primary": {
                        "id": "App-internal-elb-1-00f67896539b7ef85e9eef157a",
                        "attributes": {
                            "elb": "App-internal-elb-1",
                            "id": "App-internal-elb-1-00f67896539b7ef85e9eef157a",
                            "instance": "i-0b918aec5c0448792"
                        },
                        "meta": {},
                        "tainted": false
                    },
                    "deposed": [],
                    "provider": ""
                },
                "aws_elb_attachment.ngx": {
                    "type": "aws_elb_attachment",
                    "depends_on": [
                        "aws_instance.web"
                    ],
                    "primary": {
                        "id": "Web-external-elb-1-00f67896539b7ef85e9eef157b",
                        "attributes": {
                            "elb": "Web-external-elb-1",
                            "id": "Web-external-elb-1-00f67896539b7ef85e9eef157b",
                            "instance": "i-077d6bf88c861a234"
                        },
                        "meta": {},
                        "tainted": false
                    },
                    "deposed": [],
                    "provider": ""
                },
                "aws_instance.app": {
                    "type": "aws_instance",
                    "depends_on": [
                        "aws_security_group.appinstance-sg"
                    ],
                    "primary": {
                        "id": "i-0b918aec5c0448792",
                        "attributes": {
                            "ami": "ami-6cc84a0c",
                            "associate_public_ip_address": "false",
                            "availability_zone": "us-west-2b",
                            "disable_api_termination": "false",
                            "ebs_block_device.#": "0",
                            "ebs_optimized": "false",
                            "ephemeral_block_device.#": "0",
                            "iam_instance_profile": "",
                            "id": "i-0b918aec5c0448792",
                            "instance_state": "running",
                            "instance_type": "t2.micro",
                            "ipv6_address_count": "0",
                            "ipv6_addresses.#": "0",
                            "key_name": "web-dev",
                            "monitoring": "false",
                            "network_interface.#": "0",
                            "network_interface_id": "eni-8b6fe9a1",
                            "primary_network_interface_id": "eni-8b6fe9a1",
                            "private_dns": "ip-10-10-3-5.us-west-2.compute.internal",
                            "private_ip": "10.10.3.5",
                            "public_dns": "",
                            "public_ip": "",
                            "root_block_device.#": "1",
                            "root_block_device.0.delete_on_termination": "true",
                            "root_block_device.0.iops": "100",
                            "root_block_device.0.volume_size": "8",
                            "root_block_device.0.volume_type": "gp2",
                            "security_groups.#": "0",
                            "source_dest_check": "true",
                            "subnet_id": "subnet-e3792284",
                            "tags.%": "1",
                            "tags.Name": "Wed-dev-app1",
                            "tenancy": "default",
                            "volume_tags.%": "0",
                            "vpc_security_group_ids.#": "1",
                            "vpc_security_group_ids.1789079831": "sg-279faf5c"
                        },
                        "meta": {
                            "schema_version": "1"
                        },
                        "tainted": false
                    },
                    "deposed": [],
                    "provider": ""
                },
                "aws_instance.web": {
                    "type": "aws_instance",
                    "depends_on": [
                        "aws_security_group.webinstance-sg",
                        "data.template_file.ngxinit"
                    ],
                    "primary": {
                        "id": "i-077d6bf88c861a234",
                        "attributes": {
                            "ami": "ami-6f68cf0f",
                            "associate_public_ip_address": "true",
                            "availability_zone": "us-west-2b",
                            "disable_api_termination": "false",
                            "ebs_block_device.#": "0",
                            "ebs_optimized": "false",
                            "ephemeral_block_device.#": "0",
                            "iam_instance_profile": "",
                            "id": "i-077d6bf88c861a234",
                            "instance_state": "running",
                            "instance_type": "t2.micro",
                            "ipv6_address_count": "0",
                            "ipv6_addresses.#": "0",
                            "key_name": "web-dev",
                            "monitoring": "false",
                            "network_interface.#": "0",
                            "network_interface_id": "eni-9663e5bc",
                            "primary_network_interface_id": "eni-9663e5bc",
                            "private_dns": "ip-10-10-1-118.us-west-2.compute.internal",
                            "private_ip": "10.10.1.118",
                            "public_dns": "",
                            "public_ip": "54.200.185.6",
                            "root_block_device.#": "1",
                            "root_block_device.0.delete_on_termination": "true",
                            "root_block_device.0.iops": "100",
                            "root_block_device.0.volume_size": "10",
                            "root_block_device.0.volume_type": "gp2",
                            "security_groups.#": "0",
                            "source_dest_check": "true",
                            "subnet_id": "subnet-4c8ad22b",
                            "tags.%": "1",
                            "tags.Name": "Web-dev-ngx1",
                            "tenancy": "default",
                            "user_data": "d36976985db42eed6880ed6951071e9242b17893",
                            "volume_tags.%": "0",
                            "vpc_security_group_ids.#": "1",
                            "vpc_security_group_ids.1769391977": "sg-7e9faf05"
                        },
                        "meta": {
                            "schema_version": "1"
                        },
                        "tainted": false
                    },
                    "deposed": [],
                    "provider": ""
                },
                "aws_security_group.appilb-sg": {
                    "type": "aws_security_group",
                    "depends_on": [
                        "aws_security_group.webinstance-sg"
                    ],
                    "primary": {
                        "id": "sg-f49aaa8f",
                        "attributes": {
                            "description": "Allow traffic from web nginx instance",
                            "egress.#": "1",
                            "egress.482069346.cidr_blocks.#": "1",
                            "egress.482069346.cidr_blocks.0": "0.0.0.0/0",
                            "egress.482069346.from_port": "0",
                            "egress.482069346.ipv6_cidr_blocks.#": "0",
                            "egress.482069346.prefix_list_ids.#": "0",
                            "egress.482069346.protocol": "-1",
                            "egress.482069346.security_groups.#": "0",
                            "egress.482069346.self": "false",
                            "egress.482069346.to_port": "0",
                            "id": "sg-f49aaa8f",
                            "ingress.#": "1",
                            "ingress.3182562559.cidr_blocks.#": "0",
                            "ingress.3182562559.from_port": "0",
                            "ingress.3182562559.ipv6_cidr_blocks.#": "0",
                            "ingress.3182562559.protocol": "-1",
                            "ingress.3182562559.security_groups.#": "1",
                            "ingress.3182562559.security_groups.1769391977": "sg-7e9faf05",
                            "ingress.3182562559.self": "false",
                            "ingress.3182562559.to_port": "0",
                            "name": "appilb-sg",
                            "owner_id": "561293698404",
                            "tags.%": "0",
                            "vpc_id": "vpc-aee0ecc9"
                        },
                        "meta": {},
                        "tainted": false
                    },
                    "deposed": [],
                    "provider": ""
                },
                "aws_security_group.appinstance-sg": {
                    "type": "aws_security_group",
                    "depends_on": [
                        "aws_security_group.appilb-sg",
                        "aws_security_group.webinstance-sg"
                    ],
                    "primary": {
                        "id": "sg-279faf5c",
                        "attributes": {
                            "description": "Allow in bound traffic from App ILB",
                            "egress.#": "1",
                            "egress.482069346.cidr_blocks.#": "1",
                            "egress.482069346.cidr_blocks.0": "0.0.0.0/0",
                            "egress.482069346.from_port": "0",
                            "egress.482069346.ipv6_cidr_blocks.#": "0",
                            "egress.482069346.prefix_list_ids.#": "0",
                            "egress.482069346.protocol": "-1",
                            "egress.482069346.security_groups.#": "0",
                            "egress.482069346.self": "false",
                            "egress.482069346.to_port": "0",
                            "id": "sg-279faf5c",
                            "ingress.#": "2",
                            "ingress.1581317564.cidr_blocks.#": "0",
                            "ingress.1581317564.from_port": "0",
                            "ingress.1581317564.ipv6_cidr_blocks.#": "0",
                            "ingress.1581317564.protocol": "-1",
                            "ingress.1581317564.security_groups.#": "1",
                            "ingress.1581317564.security_groups.4169963233": "sg-f49aaa8f",
                            "ingress.1581317564.self": "false",
                            "ingress.1581317564.to_port": "0",
                            "ingress.4276729401.cidr_blocks.#": "0",
                            "ingress.4276729401.from_port": "22",
                            "ingress.4276729401.ipv6_cidr_blocks.#": "0",
                            "ingress.4276729401.protocol": "tcp",
                            "ingress.4276729401.security_groups.#": "1",
                            "ingress.4276729401.security_groups.1769391977": "sg-7e9faf05",
                            "ingress.4276729401.self": "false",
                            "ingress.4276729401.to_port": "22",
                            "name": "appinstance-sg",
                            "owner_id": "561293698404",
                            "tags.%": "0",
                            "vpc_id": "vpc-aee0ecc9"
                        },
                        "meta": {},
                        "tainted": false
                    },
                    "deposed": [],
                    "provider": ""
                },
                "aws_security_group.webelb-sg": {
                    "type": "aws_security_group",
                    "depends_on": [],
                    "primary": {
                        "id": "sg-5e80b025",
                        "attributes": {
                            "description": "Allow all inbound traffic",
                            "egress.#": "1",
                            "egress.482069346.cidr_blocks.#": "1",
                            "egress.482069346.cidr_blocks.0": "0.0.0.0/0",
                            "egress.482069346.from_port": "0",
                            "egress.482069346.ipv6_cidr_blocks.#": "0",
                            "egress.482069346.prefix_list_ids.#": "0",
                            "egress.482069346.protocol": "-1",
                            "egress.482069346.security_groups.#": "0",
                            "egress.482069346.self": "false",
                            "egress.482069346.to_port": "0",
                            "id": "sg-5e80b025",
                            "ingress.#": "1",
                            "ingress.2214680975.cidr_blocks.#": "1",
                            "ingress.2214680975.cidr_blocks.0": "0.0.0.0/0",
                            "ingress.2214680975.from_port": "80",
                            "ingress.2214680975.ipv6_cidr_blocks.#": "0",
                            "ingress.2214680975.protocol": "TCP",
                            "ingress.2214680975.security_groups.#": "0",
                            "ingress.2214680975.self": "false",
                            "ingress.2214680975.to_port": "80",
                            "name": "webelb-sg",
                            "owner_id": "561293698404",
                            "tags.%": "0",
                            "vpc_id": "vpc-aee0ecc9"
                        },
                        "meta": {},
                        "tainted": false
                    },
                    "deposed": [],
                    "provider": ""
                },
                "aws_security_group.webinstance-sg": {
                    "type": "aws_security_group",
                    "depends_on": [
                        "aws_security_group.webelb-sg"
                    ],
                    "primary": {
                        "id": "sg-7e9faf05",
                        "attributes": {
                            "description": "Allow inbound traffic for web nginx instance",
                            "egress.#": "1",
                            "egress.482069346.cidr_blocks.#": "1",
                            "egress.482069346.cidr_blocks.0": "0.0.0.0/0",
                            "egress.482069346.from_port": "0",
                            "egress.482069346.ipv6_cidr_blocks.#": "0",
                            "egress.482069346.prefix_list_ids.#": "0",
                            "egress.482069346.protocol": "-1",
                            "egress.482069346.security_groups.#": "0",
                            "egress.482069346.self": "false",
                            "egress.482069346.to_port": "0",
                            "id": "sg-7e9faf05",
                            "ingress.#": "2",
                            "ingress.2541437006.cidr_blocks.#": "1",
                            "ingress.2541437006.cidr_blocks.0": "0.0.0.0/0",
                            "ingress.2541437006.from_port": "22",
                            "ingress.2541437006.ipv6_cidr_blocks.#": "0",
                            "ingress.2541437006.protocol": "tcp",
                            "ingress.2541437006.security_groups.#": "0",
                            "ingress.2541437006.self": "false",
                            "ingress.2541437006.to_port": "22",
                            "ingress.2652177302.cidr_blocks.#": "1",
                            "ingress.2652177302.cidr_blocks.0": "0.0.0.0/0",
                            "ingress.2652177302.from_port": "80",
                            "ingress.2652177302.ipv6_cidr_blocks.#": "0",
                            "ingress.2652177302.protocol": "TCP",
                            "ingress.2652177302.security_groups.#": "1",
                            "ingress.2652177302.security_groups.535738036": "sg-5e80b025",
                            "ingress.2652177302.self": "false",
                            "ingress.2652177302.to_port": "80",
                            "name": "webinstance-sg",
                            "owner_id": "561293698404",
                            "tags.%": "0",
                            "vpc_id": "vpc-aee0ecc9"
                        },
                        "meta": {},
                        "tainted": false
                    },
                    "deposed": [],
                    "provider": ""
                },
                "data.template_file.ngxinit": {
                    "type": "template_file",
                    "depends_on": [],
                    "primary": {
                        "id": "5ed5977e72aeb96490789a4754fe513d0550bedd25db3984b95240edef845620",
                        "attributes": {
                            "id": "5ed5977e72aeb96490789a4754fe513d0550bedd25db3984b95240edef845620",
                            "rendered": "#!/bin/bash \nyum install -y wget\ncurl -L https://www.opscode.com/chef/install.sh | sudo bash -s -- -v 12.20 \nsudo mkdir -p /var/log/chef \nsudo mkdir -p /var/backups/chef \nsudo mkdir -p /var/run/chef \nsudo mkdir -p /var/cache/chef \nsudo mkdir -p /var/lib/chef \nsudo mkdir /etc/chef \nsudo wget https://s3-us-west-2.amazonaws.com/chef-lashing/bootstrap.json -O \t/etc/chef/bootstrap.json\nsudo wget https://s3-us-west-2.amazonaws.com/chef-lashing/client.rb -O /etc/chef/client.rb\nsudo wget https://s3-us-west-2.amazonaws.com/chef-lashing/validation.pem -O /etc/chef/validation.pem\nsudo /usr/bin/chef-client -j /etc/chef/bootstrap.json\n",
                            "template": "#!/bin/bash \nyum install -y wget\ncurl -L https://www.opscode.com/chef/install.sh | sudo bash -s -- -v 12.20 \nsudo mkdir -p /var/log/chef \nsudo mkdir -p /var/backups/chef \nsudo mkdir -p /var/run/chef \nsudo mkdir -p /var/cache/chef \nsudo mkdir -p /var/lib/chef \nsudo mkdir /etc/chef \nsudo wget https://s3-us-west-2.amazonaws.com/chef-lashing/bootstrap.json -O \t/etc/chef/bootstrap.json\nsudo wget https://s3-us-west-2.amazonaws.com/chef-lashing/client.rb -O /etc/chef/client.rb\nsudo wget https://s3-us-west-2.amazonaws.com/chef-lashing/validation.pem -O /etc/chef/validation.pem\nsudo /usr/bin/chef-client -j /etc/chef/bootstrap.json\n",
                            "vars.%": "1",
                            "vars.cluster": "nginx"
                        },
                        "meta": {},
                        "tainted": false
                    },
                    "deposed": [],
                    "provider": ""
                }
            },
            "depends_on": []
        }
    ]
}
