{
    "version": 3,
    "terraform_version": "0.9.5",
    "serial": 36,
    "lineage": "4b996e28-90b0-4687-966d-be74f3db069d",
    "modules": [
        {
            "path": [
                "root"
            ],
            "outputs": {},
            "resources": {
                "aws_elb.bar": {
                    "type": "aws_elb",
                    "depends_on": [
                        "aws_security_group.webelb-sg"
                    ],
                    "primary": {
                        "id": "Web-external-elb-1",
                        "attributes": {
                            "access_logs.#": "0",
                            "availability_zones.#": "2",
                            "availability_zones.221770259": "us-west-2b",
                            "availability_zones.2487133097": "us-west-2a",
                            "connection_draining": "false",
                            "connection_draining_timeout": "300",
                            "cross_zone_load_balancing": "true",
                            "dns_name": "Web-external-elb-1-263174350.us-west-2.elb.amazonaws.com",
                            "health_check.#": "1",
                            "health_check.0.healthy_threshold": "2",
                            "health_check.0.interval": "30",
                            "health_check.0.target": "HTTP:80/",
                            "health_check.0.timeout": "3",
                            "health_check.0.unhealthy_threshold": "2",
                            "id": "Web-external-elb-1",
                            "idle_timeout": "60",
                            "instances.#": "0",
                            "internal": "false",
                            "listener.#": "1",
                            "listener.3057123346.instance_port": "80",
                            "listener.3057123346.instance_protocol": "http",
                            "listener.3057123346.lb_port": "80",
                            "listener.3057123346.lb_protocol": "http",
                            "listener.3057123346.ssl_certificate_id": "",
                            "name": "Web-external-elb-1",
                            "security_groups.#": "1",
                            "security_groups.1760268593": "sg-2e773355",
                            "source_security_group": "561293698404/webelb-sg",
                            "source_security_group_id": "sg-2e773355",
                            "subnets.#": "2",
                            "subnets.2248540098": "subnet-8b0a79c2",
                            "subnets.2259161368": "subnet-4c8ad22b",
                            "tags.%": "1",
                            "tags.Name": "Web-external-elb-1",
                            "zone_id": "Z1H1FL5HABSF5"
                        },
                        "meta": {},
                        "tainted": false
                    },
                    "deposed": [],
                    "provider": ""
                },
                "aws_elb_attachment.ngx": {
                    "type": "aws_elb_attachment",
                    "depends_on": [
                        "aws_instance.web"
                    ],
                    "primary": {
                        "id": "Web-external-elb-1-00d4e25278c207c87202ca002d",
                        "attributes": {
                            "elb": "Web-external-elb-1",
                            "id": "Web-external-elb-1-00d4e25278c207c87202ca002d",
                            "instance": "i-070a20eea444d7bdb"
                        },
                        "meta": {},
                        "tainted": false
                    },
                    "deposed": [],
                    "provider": ""
                },
                "aws_instance.web": {
                    "type": "aws_instance",
                    "depends_on": [
                        "aws_security_group.webinstance-sg",
                        "data.template_file.ngxinit"
                    ],
                    "primary": {
                        "id": "i-070a20eea444d7bdb",
                        "attributes": {
                            "ami": "ami-6f68cf0f",
                            "associate_public_ip_address": "true",
                            "availability_zone": "us-west-2b",
                            "disable_api_termination": "false",
                            "ebs_block_device.#": "0",
                            "ebs_optimized": "false",
                            "ephemeral_block_device.#": "0",
                            "iam_instance_profile": "",
                            "id": "i-070a20eea444d7bdb",
                            "instance_state": "running",
                            "instance_type": "t2.micro",
                            "ipv6_address_count": "0",
                            "ipv6_addresses.#": "0",
                            "key_name": "web-dev",
                            "monitoring": "false",
                            "network_interface.#": "0",
                            "network_interface_id": "eni-e0d1f3cb",
                            "primary_network_interface_id": "eni-e0d1f3cb",
                            "private_dns": "ip-10-10-1-119.us-west-2.compute.internal",
                            "private_ip": "10.10.1.119",
                            "public_dns": "",
                            "public_ip": "34.210.54.239",
                            "root_block_device.#": "1",
                            "root_block_device.0.delete_on_termination": "true",
                            "root_block_device.0.iops": "100",
                            "root_block_device.0.volume_size": "10",
                            "root_block_device.0.volume_type": "gp2",
                            "security_groups.#": "0",
                            "source_dest_check": "true",
                            "subnet_id": "subnet-4c8ad22b",
                            "tags.%": "1",
                            "tags.Name": "Web-dev-ngx1",
                            "tenancy": "default",
                            "user_data": "e88fecc2b1962104a62eb61533c53511f588c72a",
                            "volume_tags.%": "0",
                            "vpc_security_group_ids.#": "1",
                            "vpc_security_group_ids.3629636630": "sg-0470347f"
                        },
                        "meta": {
                            "schema_version": "1"
                        },
                        "tainted": false
                    },
                    "deposed": [],
                    "provider": ""
                },
                "aws_security_group.webelb-sg": {
                    "type": "aws_security_group",
                    "depends_on": [],
                    "primary": {
                        "id": "sg-2e773355",
                        "attributes": {
                            "description": "Allow all inbound traffic",
                            "egress.#": "1",
                            "egress.482069346.cidr_blocks.#": "1",
                            "egress.482069346.cidr_blocks.0": "0.0.0.0/0",
                            "egress.482069346.from_port": "0",
                            "egress.482069346.ipv6_cidr_blocks.#": "0",
                            "egress.482069346.prefix_list_ids.#": "0",
                            "egress.482069346.protocol": "-1",
                            "egress.482069346.security_groups.#": "0",
                            "egress.482069346.self": "false",
                            "egress.482069346.to_port": "0",
                            "id": "sg-2e773355",
                            "ingress.#": "1",
                            "ingress.2214680975.cidr_blocks.#": "1",
                            "ingress.2214680975.cidr_blocks.0": "0.0.0.0/0",
                            "ingress.2214680975.from_port": "80",
                            "ingress.2214680975.ipv6_cidr_blocks.#": "0",
                            "ingress.2214680975.protocol": "TCP",
                            "ingress.2214680975.security_groups.#": "0",
                            "ingress.2214680975.self": "false",
                            "ingress.2214680975.to_port": "80",
                            "name": "webelb-sg",
                            "owner_id": "561293698404",
                            "tags.%": "0",
                            "vpc_id": "vpc-aee0ecc9"
                        },
                        "meta": {},
                        "tainted": false
                    },
                    "deposed": [],
                    "provider": ""
                },
                "aws_security_group.webinstance-sg": {
                    "type": "aws_security_group",
                    "depends_on": [
                        "aws_security_group.webelb-sg"
                    ],
                    "primary": {
                        "id": "sg-0470347f",
                        "attributes": {
                            "description": "Allow all inbound traffic",
                            "egress.#": "1",
                            "egress.482069346.cidr_blocks.#": "1",
                            "egress.482069346.cidr_blocks.0": "0.0.0.0/0",
                            "egress.482069346.from_port": "0",
                            "egress.482069346.ipv6_cidr_blocks.#": "0",
                            "egress.482069346.prefix_list_ids.#": "0",
                            "egress.482069346.protocol": "-1",
                            "egress.482069346.security_groups.#": "0",
                            "egress.482069346.self": "false",
                            "egress.482069346.to_port": "0",
                            "id": "sg-0470347f",
                            "ingress.#": "2",
                            "ingress.2541437006.cidr_blocks.#": "1",
                            "ingress.2541437006.cidr_blocks.0": "0.0.0.0/0",
                            "ingress.2541437006.from_port": "22",
                            "ingress.2541437006.ipv6_cidr_blocks.#": "0",
                            "ingress.2541437006.protocol": "tcp",
                            "ingress.2541437006.security_groups.#": "0",
                            "ingress.2541437006.self": "false",
                            "ingress.2541437006.to_port": "22",
                            "ingress.61894942.cidr_blocks.#": "1",
                            "ingress.61894942.cidr_blocks.0": "0.0.0.0/0",
                            "ingress.61894942.from_port": "80",
                            "ingress.61894942.ipv6_cidr_blocks.#": "0",
                            "ingress.61894942.protocol": "TCP",
                            "ingress.61894942.security_groups.#": "1",
                            "ingress.61894942.security_groups.1760268593": "sg-2e773355",
                            "ingress.61894942.self": "false",
                            "ingress.61894942.to_port": "80",
                            "name": "webinstance-sg",
                            "owner_id": "561293698404",
                            "tags.%": "0",
                            "vpc_id": "vpc-aee0ecc9"
                        },
                        "meta": {},
                        "tainted": false
                    },
                    "deposed": [],
                    "provider": ""
                },
                "data.template_file.ngxinit": {
                    "type": "template_file",
                    "depends_on": [],
                    "primary": {
                        "id": "7f4f7a7836c2f50542dd82fc1ebd61c9a344166d4172f8a20fab33067a6130d0",
                        "attributes": {
                            "id": "7f4f7a7836c2f50542dd82fc1ebd61c9a344166d4172f8a20fab33067a6130d0",
                            "rendered": "#!/bin/bash\nsudo rpm -Uvh http://nginx.org/packages/centos/7/noarch/RPMS/nginx-release-centos-7-0.el7.ngx.noarch.rpm\nsudo yum install -y nginx\nsudo systemctl start nginx.service\n",
                            "template": "#!/bin/bash\nsudo rpm -Uvh http://nginx.org/packages/centos/7/noarch/RPMS/nginx-release-centos-7-0.el7.ngx.noarch.rpm\nsudo yum install -y nginx\nsudo systemctl start nginx.service\n",
                            "vars.%": "1",
                            "vars.cluster": "nginx"
                        },
                        "meta": {},
                        "tainted": false
                    },
                    "deposed": [],
                    "provider": ""
                }
            },
            "depends_on": []
        }
    ]
}
